# THIS IS AN AUTOGENERATED FILE. DO NOT EDIT THIS FILE DIRECTLY.
# yarn lockfile v1


"@google/generative-ai@^0.24.1":
  version "0.24.1"
  resolved "https://npm.linecorp.com/@google/generative-ai/-/generative-ai-0.24.1.tgz#634a3c06f8ea7a6125c1b0d6c1e66bb11afb52c9"
  integrity sha512-MqO+MLfM6kjxcKoy0p1wRzG3b4ZZXtPI+z2IE26UogS2Cm/XHO+7gGRBh6gcJsOiIVoH93UwKvW4HdgiOZCy9Q==

"@line/bot-sdk@^10.6.0":
  version "10.6.0"
  resolved "https://npm.linecorp.com/@line/bot-sdk/-/bot-sdk-10.6.0.tgz#1207f29a2b7866351f81a763852d5167e1818b6f"
  integrity sha512-4hSpglL/G/cW2JCcohaYz/BS0uOSJNV9IEYdMm0EiPEvDLayoI2hGq2D86uYPQFD2gvgkyhmzdShpWLG3P5r3w==
  dependencies:
    "@types/node" "^24.0.0"
  optionalDependencies:
    axios "^1.7.4"

"@next/env@14.2.35":
  version "14.2.35"
  resolved "https://npm.linecorp.com/@next/env/-/env-14.2.35.tgz#e979016d0ca8500a47d41ffd02625fe29b8df35a"
  integrity sha512-DuhvCtj4t9Gwrx80dmz2F4t/zKQ4ktN8WrMwOuVzkJfBilwAwGr6v16M5eI8yCuZ63H9TTuEU09Iu2HqkzFPVQ==

"@next/swc-darwin-arm64@14.2.33":
  version "14.2.33"
  resolved "https://npm.linecorp.com/@next/swc-darwin-arm64/-/swc-darwin-arm64-14.2.33.tgz#9e74a4223f1e5e39ca4f9f85709e0d95b869b298"
  integrity sha512-HqYnb6pxlsshoSTubdXKu15g3iivcbsMXg4bYpjL2iS/V6aQot+iyF4BUc2qA/J/n55YtvE4PHMKWBKGCF/+wA==

"@next/swc-darwin-x64@14.2.33":
  version "14.2.33"
  resolved "https://npm.linecorp.com/@next/swc-darwin-x64/-/swc-darwin-x64-14.2.33.tgz#fcf0c45938da9b0cc2ec86357d6aefca90bd17f3"
  integrity sha512-8HGBeAE5rX3jzKvF593XTTFg3gxeU4f+UWnswa6JPhzaR6+zblO5+fjltJWIZc4aUalqTclvN2QtTC37LxvZAA==

"@next/swc-linux-arm64-gnu@14.2.33":
  version "14.2.33"
  resolved "https://npm.linecorp.com/@next/swc-linux-arm64-gnu/-/swc-linux-arm64-gnu-14.2.33.tgz#837f91a740eb4420c06f34c4677645315479d9be"
  integrity sha512-JXMBka6lNNmqbkvcTtaX8Gu5by9547bukHQvPoLe9VRBx1gHwzf5tdt4AaezW85HAB3pikcvyqBToRTDA4DeLw==

"@next/swc-linux-arm64-musl@14.2.33":
  version "14.2.33"
  resolved "https://npm.linecorp.com/@next/swc-linux-arm64-musl/-/swc-linux-arm64-musl-14.2.33.tgz#dc8903469e5c887b25e3c2217a048bd30c58d3d4"
  integrity sha512-Bm+QulsAItD/x6Ih8wGIMfRJy4G73tu1HJsrccPW6AfqdZd0Sfm5Imhgkgq2+kly065rYMnCOxTBvmvFY1BKfg==

"@next/swc-linux-x64-gnu@14.2.33":
  version "14.2.33"
  resolved "https://npm.linecorp.com/@next/swc-linux-x64-gnu/-/swc-linux-x64-gnu-14.2.33.tgz#344438be592b6b28cc540194274561e41f9933e5"
  integrity sha512-FnFn+ZBgsVMbGDsTqo8zsnRzydvsGV8vfiWwUo1LD8FTmPTdV+otGSWKc4LJec0oSexFnCYVO4hX8P8qQKaSlg==

"@next/swc-linux-x64-musl@14.2.33":
  version "14.2.33"
  resolved "https://npm.linecorp.com/@next/swc-linux-x64-musl/-/swc-linux-x64-musl-14.2.33.tgz#3379fad5e0181000b2a4fac0b80f7ca4ffe795c8"
  integrity sha512-345tsIWMzoXaQndUTDv1qypDRiebFxGYx9pYkhwY4hBRaOLt8UGfiWKr9FSSHs25dFIf8ZqIFaPdy5MljdoawA==

"@next/swc-win32-arm64-msvc@14.2.33":
  version "14.2.33"
  resolved "https://npm.linecorp.com/@next/swc-win32-arm64-msvc/-/swc-win32-arm64-msvc-14.2.33.tgz#bca8f4dde34656aef8e99f1e5696de255c2f00e5"
  integrity sha512-nscpt0G6UCTkrT2ppnJnFsYbPDQwmum4GNXYTeoTIdsmMydSKFz9Iny2jpaRupTb+Wl298+Rh82WKzt9LCcqSQ==

"@next/swc-win32-ia32-msvc@14.2.33":
  version "14.2.33"
  resolved "https://npm.linecorp.com/@next/swc-win32-ia32-msvc/-/swc-win32-ia32-msvc-14.2.33.tgz#a69c581483ea51dd3b8907ce33bb101fe07ec1df"
  integrity sha512-pc9LpGNKhJ0dXQhZ5QMmYxtARwwmWLpeocFmVG5Z0DzWq5Uf0izcI8tLc+qOpqxO1PWqZ5A7J1blrUIKrIFc7Q==

"@next/swc-win32-x64-msvc@14.2.33":
  version "14.2.33"
  resolved "https://npm.linecorp.com/@next/swc-win32-x64-msvc/-/swc-win32-x64-msvc-14.2.33.tgz#f1a40062530c17c35a86d8c430b3ae465eb7cea1"
  integrity sha512-nOjfZMy8B94MdisuzZo9/57xuFVLHJaDj5e/xrduJp9CV2/HrfxTRH2fbyLe+K9QT41WBLUd4iXX3R7jBp0EUg==

"@supabase/auth-js@2.97.0":
  version "2.97.0"
  resolved "https://npm.linecorp.com/@supabase/auth-js/-/auth-js-2.97.0.tgz#7a80392af7f3f1c91f9a7bb91dec25ad69c84bce"
  integrity sha512-2Og/1lqp+AIavr8qS2X04aSl8RBY06y4LrtIAGxat06XoXYiDxKNQMQzWDAKm1EyZFZVRNH48DO5YvIZ7la5fQ==
  dependencies:
    tslib "2.8.1"

"@supabase/functions-js@2.97.0":
  version "2.97.0"
  resolved "https://npm.linecorp.com/@supabase/functions-js/-/functions-js-2.97.0.tgz#54b46650260f55c3f89050d69ca7dc29239d1bfe"
  integrity sha512-fSaA0ZeBUS9hMgpGZt5shIZvfs3Mvx2ZdajQT4kv/whubqDBAp3GU5W8iIXy21MRvKmO2NpAj8/Q6y+ZkZyF/w==
  dependencies:
    tslib "2.8.1"

"@supabase/postgrest-js@2.97.0":
  version "2.97.0"
  resolved "https://npm.linecorp.com/@supabase/postgrest-js/-/postgrest-js-2.97.0.tgz#88722bd9000f5cd6904db43b6932c5b4c92902f3"
  integrity sha512-g4Ps0eaxZZurvfv/KGoo2XPZNpyNtjth9aW8eho9LZWM0bUuBtxPZw3ZQ6ERSpEGogshR+XNgwlSPIwcuHCNww==
  dependencies:
    tslib "2.8.1"

"@supabase/realtime-js@2.97.0":
  version "2.97.0"
  resolved "https://npm.linecorp.com/@supabase/realtime-js/-/realtime-js-2.97.0.tgz#25f0043e18e780b573f1765796e995e38196571f"
  integrity sha512-37Jw0NLaFP0CZd7qCan97D1zWutPrTSpgWxAw6Yok59JZoxp4IIKMrPeftJ3LZHmf+ILQOPy3i0pRDHM9FY36Q==
  dependencies:
    "@types/phoenix" "^1.6.6"
    "@types/ws" "^8.18.1"
    tslib "2.8.1"
    ws "^8.18.2"

"@supabase/storage-js@2.97.0":
  version "2.97.0"
  resolved "https://npm.linecorp.com/@supabase/storage-js/-/storage-js-2.97.0.tgz#b05bd505d4a2aa61ba6108ba9aa67682dd64b46f"
  integrity sha512-9f6NniSBfuMxOWKwEFb+RjJzkfMdJUwv9oHuFJKfe/5VJR8cd90qw68m6Hn0ImGtwG37TUO+QHtoOechxRJ1Yg==
  dependencies:
    iceberg-js "^0.8.1"
    tslib "2.8.1"

"@supabase/supabase-js@^2.49.1":
  version "2.97.0"
  resolved "https://npm.linecorp.com/@supabase/supabase-js/-/supabase-js-2.97.0.tgz#95856ae485bb6b7c360d821234fdcf679d489757"
  integrity sha512-kTD91rZNO4LvRUHv4x3/4hNmsEd2ofkYhuba2VMUPRVef1RCmnHtm7rIws38Fg0yQnOSZOplQzafn0GSiy6GVg==
  dependencies:
    "@supabase/auth-js" "2.97.0"
    "@supabase/functions-js" "2.97.0"
    "@supabase/postgrest-js" "2.97.0"
    "@supabase/realtime-js" "2.97.0"
    "@supabase/storage-js" "2.97.0"

"@swc/counter@^0.1.3":
  version "0.1.3"
  resolved "https://npm.linecorp.com/@swc/counter/-/counter-0.1.3.tgz#cc7463bd02949611c6329596fccd2b0ec782b0e9"
  integrity sha512-e2BR4lsJkkRlKZ/qCHPw9ZaSxc0MVUd7gtbtaB7aMvHeJVYe8sOB8DBZkP2DtISHGSku9sCK6T6cnY0CtXrOCQ==

"@swc/helpers@0.5.5":
  version "0.5.5"
  resolved "https://npm.linecorp.com/@swc/helpers/-/helpers-0.5.5.tgz#12689df71bfc9b21c4f4ca00ae55f2f16c8b77c0"
  integrity sha512-KGYxvIOXcceOAbEk4bi/dVLEK9z8sZ0uBB3Il5b1rhfClSpcX0yfRO0KmTkqR2cnQDymwLB+25ZyMzICg/cm/A==
  dependencies:
    "@swc/counter" "^0.1.3"
    tslib "^2.4.0"

"@types/node-fetch@^2.6.4":
  version "2.6.13"
  resolved "https://npm.linecorp.com/@types/node-fetch/-/node-fetch-2.6.13.tgz#e0c9b7b5edbdb1b50ce32c127e85e880872d56ee"
  integrity sha512-QGpRVpzSaUs30JBSGPjOg4Uveu384erbHBoT1zeONvyCfwQxIkUshLAOqN/k9EjGviPRmWTTe6aH2qySWKTVSw==
  dependencies:
    "@types/node" "*"
    form-data "^4.0.4"

"@types/node@*", "@types/node@^25.3.0":
  version "25.3.0"
  resolved "https://npm.linecorp.com/@types/node/-/node-25.3.0.tgz#749b1bd4058e51b72e22bd41e9eab6ebd0180470"
  integrity sha512-4K3bqJpXpqfg2XKGK9bpDTc6xO/xoUP/RBWS7AtRMug6zZFaRekiLzjVtAoZMquxoAbzBvy5nxQ7veS5eYzf8A==
  dependencies:
    undici-types "~7.18.0"

"@types/node@^18.11.18":
  version "18.19.130"
  resolved "https://npm.linecorp.com/@types/node/-/node-18.19.130.tgz#da4c6324793a79defb7a62cba3947ec5add00d59"
  integrity sha512-GRaXQx6jGfL8sKfaIDD6OupbIHBr9jv7Jnaml9tB7l4v068PAOXqfcujMMo5PhbIs6ggR1XODELqahT2R8v0fg==
  dependencies:
    undici-types "~5.26.4"

"@types/node@^24.0.0":
  version "24.10.13"
  resolved "https://npm.linecorp.com/@types/node/-/node-24.10.13.tgz#2fac25c0e30f3848e19912c3b8791a28370e9e07"
  integrity sha512-oH72nZRfDv9lADUBSo104Aq7gPHpQZc4BTx38r9xf9pg5LfP6EzSyH2n7qFmmxRQXh7YlUXODcYsg6PuTDSxGg==
  dependencies:
    undici-types "~7.16.0"

"@types/phoenix@^1.6.6":
  version "1.6.7"
  resolved "https://npm.linecorp.com/@types/phoenix/-/phoenix-1.6.7.tgz#75137b7ecf732ceaca284cf10c1552071cfff12f"
  integrity sha512-oN9ive//QSBkf19rfDv45M7eZPi0eEXylht2OLEXicu5b4KoQ1OzXIw+xDSGWxSxe1JmepRR/ZH283vsu518/Q==

"@types/react@^19.2.14":
  version "19.2.14"
  resolved "https://npm.linecorp.com/@types/react/-/react-19.2.14.tgz#39604929b5e3957e3a6fa0001dafb17c7af70bad"
  integrity sha512-ilcTH/UniCkMdtexkoCN0bI7pMcJDvmQFPvuPvmEaYA/NSfFTAgdUSLAoVjaRJm7+6PvcM+q1zYOwS4wTYMF9w==
  dependencies:
    csstype "^3.2.2"

"@types/ws@^8.18.1":
  version "8.18.1"
  resolved "https://npm.linecorp.com/@types/ws/-/ws-8.18.1.tgz#48464e4bf2ddfd17db13d845467f6070ffea4aa9"
  integrity sha512-ThVF6DCVhA8kUGy+aazFQ4kXQ7E1Ty7A3ypFOe0IcJV8O/M511G99AW24irKrW56Wt44yG9+ij8FaqoBGkuBXg==
  dependencies:
    "@types/node" "*"

abort-controller@^3.0.0:
  version "3.0.0"
  resolved "https://npm.linecorp.com/abort-controller/-/abort-controller-3.0.0.tgz#eaf54d53b62bae4138e809ca225c8439a6efb392"
  integrity sha512-h8lQ8tacZYnR3vNQTgibj+tODHI5/+l06Au2Pcriv/Gmet0eaj4TwWH41sO9wnHDiQsEj19q0drzdWdeAHtweg==
  dependencies:
    event-target-shim "^5.0.0"

agentkeepalive@^4.2.1:
  version "4.6.0"
  resolved "https://npm.linecorp.com/agentkeepalive/-/agentkeepalive-4.6.0.tgz#35f73e94b3f40bf65f105219c623ad19c136ea6a"
  integrity sha512-kja8j7PjmncONqaTsB8fQ+wE2mSU2DJ9D4XKoJ5PFWIdRMa6SLSN1ff4mOr4jCbfRSsxR4keIiySJU0N9T5hIQ==
  dependencies:
    humanize-ms "^1.2.1"

async-function@^1.0.0:
  version "1.0.0"
  resolved "https://npm.linecorp.com/async-function/-/async-function-1.0.0.tgz#509c9fca60eaf85034c6829838188e4e4c8ffb2b"
  integrity sha512-hsU18Ae8CDTR6Kgu9DYf0EbCr/a5iGL0rytQDobUcdpYOKokk8LEjVphnXkDkgpi0wYVsqrXuP0bZxJaTqdgoA==

async-generator-function@^1.0.0:
  version "1.0.0"
  resolved "https://npm.linecorp.com/async-generator-function/-/async-generator-function-1.0.0.tgz#9bcc76d7fd147171e7ead5d2a2cfc3579c99f28e"
  integrity sha512-+NAXNqgCrB95ya4Sr66i1CL2hqLVckAk7xwRYWdcm39/ELQ6YNn1aw5r0bdQtqNZgQpEWzc5yc/igXc7aL5SLA==

asynckit@^0.4.0:
  version "0.4.0"
  resolved "https://npm.linecorp.com/asynckit/-/asynckit-0.4.0.tgz#c79ed97f7f34cb8f2ba1bc9790bcc366474b4b79"
  integrity sha512-Oei9OH4tRh0YqU3GxhX79dM/mwVgvbZJaSNaRk+bshkj0S5cfHcgYakreBjrHwatXKbz+IoIdYLxrKim2MjW0Q==

axios@1.7.7:
  version "1.7.7"
  resolved "https://npm.linecorp.com/axios/-/axios-1.7.7.tgz#2f554296f9892a72ac8d8e4c5b79c14a91d0a47f"
  integrity sha512-S4kL7XrjgBmvdGut0sN3yJxqYzrDOnivkBiN0OFs6hLiUam3UPvswUo0kqGyhqUZGEOytHyumEdXsAkgCOUf3Q==
  dependencies:
    follow-redirects "^1.15.6"
    form-data "^4.0.0"
    proxy-from-env "^1.1.0"

axios@^1.7.4:
  version "1.13.5"
  resolved "https://npm.linecorp.com/axios/-/axios-1.13.5.tgz#5e464688fa127e11a660a2c49441c009f6567a43"
  integrity sha512-cz4ur7Vb0xS4/KUN0tPWe44eqxrIu31me+fbang3ijiNscE129POzipJJA6zniq2C/Z6sJCjMimjS8Lc/GAs8Q==
  dependencies:
    follow-redirects "^1.15.11"
    form-data "^4.0.5"
    proxy-from-env "^1.1.0"

busboy@1.6.0:
  version "1.6.0"
  resolved "https://npm.linecorp.com/busboy/-/busboy-1.6.0.tgz#966ea36a9502e43cdb9146962523b92f531f6893"
  integrity sha512-8SFQbg/0hQ9xy3UNTB0YEnsNBbWfhf7RtnzpL7TkBiTBRfrQ9Fxcnz7VJsleJpyp6rVLvXiuORqjlHi5q+PYuA==
  dependencies:
    streamsearch "^1.1.0"

call-bind-apply-helpers@^1.0.1, call-bind-apply-helpers@^1.0.2:
  version "1.0.2"
  resolved "https://npm.linecorp.com/call-bind-apply-helpers/-/call-bind-apply-helpers-1.0.2.tgz#4b5428c222be985d79c3d82657479dbe0b59b2d6"
  integrity sha512-Sp1ablJ0ivDkSzjcaJdxEunN5/XvksFJ2sMBFfq6x0ryhQV/2b/KwFe21cMpmHtPOSij8K99/wSfoEuTObmuMQ==
  dependencies:
    es-errors "^1.3.0"
    function-bind "^1.1.2"

caniuse-lite@^1.0.30001579:
  version "1.0.30001774"
  resolved "https://npm.linecorp.com/caniuse-lite/-/caniuse-lite-1.0.30001774.tgz#0e576b6f374063abcd499d202b9ba1301be29b70"
  integrity sha512-DDdwPGz99nmIEv216hKSgLD+D4ikHQHjBC/seF98N9CPqRX4M5mSxT9eTV6oyisnJcuzxtZy4n17yKKQYmYQOA==

client-only@0.0.1:
  version "0.0.1"
  resolved "https://npm.linecorp.com/client-only/-/client-only-0.0.1.tgz#38bba5d403c41ab150bff64a95c85013cf73bca1"
  integrity sha512-IV3Ou0jSMzZrd3pZ48nLkT9DA7Ag1pnPzaiQhpW7c3RbcqqzvzzVu+L8gfqMp/8IM2MQtSiqaCxrrcfu8I8rMA==

combined-stream@^1.0.8:
  version "1.0.8"
  resolved "https://npm.linecorp.com/combined-stream/-/combined-stream-1.0.8.tgz#c3d45a8b34fd730631a110a8a2520682b31d5a7f"
  integrity sha512-FQN4MRfuJeHf7cBbBMJFXhKSDq+2kAArBlmRBvcvFE5BB1HZKXtSFASDhdlz9zOYwxh8lDdnvmMOe/+5cdoEdg==
  dependencies:
    delayed-stream "~1.0.0"

csstype@^3.2.2:
  version "3.2.3"
  resolved "https://npm.linecorp.com/csstype/-/csstype-3.2.3.tgz#ec48c0f3e993e50648c86da559e2610995cf989a"
  integrity sha512-z1HGKcYy2xA8AGQfwrn0PAy+PB7X/GSj3UVJW9qKyn43xWa+gl5nXmU4qqLMRzWVLFC8KusUX8T/0kCiOYpAIQ==

delayed-stream@~1.0.0:
  version "1.0.0"
  resolved "https://npm.linecorp.com/delayed-stream/-/delayed-stream-1.0.0.tgz#df3ae199acadfb7d440aaae0b29e2272b24ec619"
  integrity sha512-ZySD7Nf91aLB0RxL4KGrKHBXl7Eds1DAmEdcoVawXnLD7SDhpNgtuII2aAkg7a7QS41jxPSZ17p4VdGnMHk3MQ==

dunder-proto@^1.0.1:
  version "1.0.1"
  resolved "https://npm.linecorp.com/dunder-proto/-/dunder-proto-1.0.1.tgz#d7ae667e1dc83482f8b70fd0f6eefc50da30f58a"
  integrity sha512-KIN/nDJBQRcXw0MLVhZE9iQHmG68qAVIBg9CqmUYjmQIhgij9U5MFvrqkUL5FbtyyzZuOeOt0zdeRe4UY7ct+A==
  dependencies:
    call-bind-apply-helpers "^1.0.1"
    es-errors "^1.3.0"
    gopd "^1.2.0"

es-define-property@^1.0.1:
  version "1.0.1"
  resolved "https://npm.linecorp.com/es-define-property/-/es-define-property-1.0.1.tgz#983eb2f9a6724e9303f61addf011c72e09e0b0fa"
  integrity sha512-e3nRfgfUZ4rNGL232gUgX06QNyyez04KdjFrF+LTRoOXmrOgFKDg4BCdsjW8EnT69eqdYGmRpJwiPVYNrCaW3g==

es-errors@^1.3.0:
  version "1.3.0"
  resolved "https://npm.linecorp.com/es-errors/-/es-errors-1.3.0.tgz#05f75a25dab98e4fb1dcd5e1472c0546d5057c8f"
  integrity sha512-Zf5H2Kxt2xjTvbJvP2ZWLEICxA6j+hAmMzIlypy4xcBg1vKVnx89Wy0GbS+kf5cwCVFFzdCFh2XSCFNULS6csw==

es-object-atoms@^1.0.0, es-object-atoms@^1.1.1:
  version "1.1.1"
  resolved "https://npm.linecorp.com/es-object-atoms/-/es-object-atoms-1.1.1.tgz#1c4f2c4837327597ce69d2ca190a7fdd172338c1"
  integrity sha512-FGgH2h8zKNim9ljj7dankFPcICIK9Cp5bm+c2gQSYePhpaG5+esrLODihIorn+Pe6FGJzWhXQotPv73jTaldXA==
  dependencies:
    es-errors "^1.3.0"

es-set-tostringtag@^2.1.0:
  version "2.1.0"
  resolved "https://npm.linecorp.com/es-set-tostringtag/-/es-set-tostringtag-2.1.0.tgz#f31dbbe0c183b00a6d26eb6325c810c0fd18bd4d"
  integrity sha512-j6vWzfrGVfyXxge+O0x5sh6cvxAog0a/4Rdd2K36zCMV5eJ+/+tOAngRO8cODMNWbVRdVlmGZQL2YS3yR8bIUA==
  dependencies:
    es-errors "^1.3.0"
    get-intrinsic "^1.2.6"
    has-tostringtag "^1.0.2"
    hasown "^2.0.2"

event-target-shim@^5.0.0:
  version "5.0.1"
  resolved "https://npm.linecorp.com/event-target-shim/-/event-target-shim-5.0.1.tgz#5d4d3ebdf9583d63a5333ce2deb7480ab2b05789"
  integrity sha512-i/2XbnSz/uxRCU6+NdVJgKWDTM427+MqYbkQzD321DuCQJUqOuJKIA0IM2+W2xtYHdKOmZ4dR6fExsd4SXL+WQ==

follow-redirects@^1.15.11, follow-redirects@^1.15.6:
  version "1.15.11"
  resolved "https://npm.linecorp.com/follow-redirects/-/follow-redirects-1.15.11.tgz#777d73d72a92f8ec4d2e410eb47352a56b8e8340"
  integrity sha512-deG2P0JfjrTxl50XGCDyfI97ZGVCxIpfKYmfyrQ54n5FO/0gfIES8C/Psl6kWVDolizcaaxZJnTS0QSMxvnsBQ==

form-data-encoder@1.7.2:
  version "1.7.2"
  resolved "https://npm.linecorp.com/form-data-encoder/-/form-data-encoder-1.7.2.tgz#1f1ae3dccf58ed4690b86d87e4f57c654fbab040"
  integrity sha512-qfqtYan3rxrnCk1VYaA4H+Ms9xdpPqvLZa6xmMgFvhO32x7/3J/ExcTd6qpxM0vH2GdMI+poehyBZvqfMTto8A==

form-data@^4.0.0, form-data@^4.0.4, form-data@^4.0.5:
  version "4.0.5"
  resolved "https://npm.linecorp.com/form-data/-/form-data-4.0.5.tgz#b49e48858045ff4cbf6b03e1805cebcad3679053"
  integrity sha512-8RipRLol37bNs2bhoV67fiTEvdTrbMUYcFTiy3+wuuOnUog2QBHCZWXDRijWQfAkhBj2Uf5UnVaiWwA5vdd82w==
  dependencies:
    asynckit "^0.4.0"
    combined-stream "^1.0.8"
    es-set-tostringtag "^2.1.0"
    hasown "^2.0.2"
    mime-types "^2.1.12"

formdata-node@^4.3.2:
  version "4.4.1"
  resolved "https://npm.linecorp.com/formdata-node/-/formdata-node-4.4.1.tgz#23f6a5cb9cb55315912cbec4ff7b0f59bbd191e2"
  integrity sha512-0iirZp3uVDjVGt9p49aTaqjk84TrglENEDuqfdlZQ1roC9CWlPk6Avf8EEnZNcAqPonwkG35x4n3ww/1THYAeQ==
  dependencies:
    node-domexception "1.0.0"
    web-streams-polyfill "4.0.0-beta.3"

function-bind@^1.1.2:
  version "1.1.2"
  resolved "https://npm.linecorp.com/function-bind/-/function-bind-1.1.2.tgz#2c02d864d97f3ea6c8830c464cbd11ab6eab7a1c"
  integrity sha512-7XHNxH7qX9xG5mIwxkhumTox/MIRNcOgDrxWsMt2pAr23WHp6MrRlN7FBSFpCpr+oVO0F744iUgR82nJMfG2SA==

generator-function@^2.0.0:
  version "2.0.1"
  resolved "https://npm.linecorp.com/generator-function/-/generator-function-2.0.1.tgz#0e75dd410d1243687a0ba2e951b94eedb8f737a2"
  integrity sha512-SFdFmIJi+ybC0vjlHN0ZGVGHc3lgE0DxPAT0djjVg+kjOnSqclqmj0KQ7ykTOLP6YxoqOvuAODGdcHJn+43q3g==

get-intrinsic@^1.2.6:
  version "1.3.1"
  resolved "https://npm.linecorp.com/get-intrinsic/-/get-intrinsic-1.3.1.tgz#7f03d6cc8df96ae803c35cf23590510f28357173"
  integrity sha512-fk1ZVEeOX9hVZ6QzoBNEC55+Ucqg4sTVwrVuigZhuRPESVFpMyXnd3sbXvPOwp7Y9riVyANiqhEuRF0G1aVSeQ==
  dependencies:
    async-function "^1.0.0"
    async-generator-function "^1.0.0"
    call-bind-apply-helpers "^1.0.2"
    es-define-property "^1.0.1"
    es-errors "^1.3.0"
    es-object-atoms "^1.1.1"
    function-bind "^1.1.2"
    generator-function "^2.0.0"
    get-proto "^1.0.1"
    gopd "^1.2.0"
    has-symbols "^1.1.0"
    hasown "^2.0.2"
    math-intrinsics "^1.1.0"

get-proto@^1.0.1:
  version "1.0.1"
  resolved "https://npm.linecorp.com/get-proto/-/get-proto-1.0.1.tgz#150b3f2743869ef3e851ec0c49d15b1d14d00ee1"
  integrity sha512-sTSfBjoXBp89JvIKIefqw7U2CCebsc74kiY6awiGogKtoSGbgjYE/G/+l9sF3MWFPNc9IcoOC4ODfKHfxFmp0g==
  dependencies:
    dunder-proto "^1.0.1"
    es-object-atoms "^1.0.0"

gopd@^1.2.0:
  version "1.2.0"
  resolved "https://npm.linecorp.com/gopd/-/gopd-1.2.0.tgz#89f56b8217bdbc8802bd299df6d7f1081d7e51a1"
  integrity sha512-ZUKRh6/kUFoAiTAtTYPZJ3hw9wNxx+BIBOijnlG9PnrJsCcSjs1wyyD6vJpaYtgnzDrKYRSqf3OO6Rfa93xsRg==

graceful-fs@^4.2.11:
  version "4.2.11"
  resolved "https://npm.linecorp.com/graceful-fs/-/graceful-fs-4.2.11.tgz#4183e4e8bf08bb6e05bbb2f7d2e0c8f712ca40e3"
  integrity sha512-RbJ5/jmFcNNCcDV5o9eTnBLJ/HszWV0P73bc+Ff4nS/rJj+YaS6IGyiOL0VoBYX+l1Wrl3k63h/KrH+nhJ0XvQ==

has-symbols@^1.0.3, has-symbols@^1.1.0:
  version "1.1.0"
  resolved "https://npm.linecorp.com/has-symbols/-/has-symbols-1.1.0.tgz#fc9c6a783a084951d0b971fe1018de813707a338"
  integrity sha512-1cDNdwJ2Jaohmb3sg4OmKaMBwuC48sYni5HUw2DvsC8LjGTLK9h+eb1X6RyuOHe4hT0ULCW68iomhjUoKUqlPQ==

has-tostringtag@^1.0.2:
  version "1.0.2"
  resolved "https://npm.linecorp.com/has-tostringtag/-/has-tostringtag-1.0.2.tgz#2cdc42d40bef2e5b4eeab7c01a73c54ce7ab5abc"
  integrity sha512-NqADB8VjPFLM2V0VvHUewwwsw0ZWBaIdgo+ieHtK3hasLz4qeCRjYcqfB6AQrBggRKppKF8L52/VqdVsO47Dlw==
  dependencies:
    has-symbols "^1.0.3"

hasown@^2.0.2:
  version "2.0.2"
  resolved "https://npm.linecorp.com/hasown/-/hasown-2.0.2.tgz#003eaf91be7adc372e84ec59dc37252cedb80003"
  integrity sha512-0hJU9SCPvmMzIBdZFqNPXWa6dqh7WdH0cII9y+CyS8rG3nL48Bclra9HmKhVVUHyPWNH5Y7xDwAB7bfgSjkUMQ==
  dependencies:
    function-bind "^1.1.2"

humanize-ms@^1.2.1:
  version "1.2.1"
  resolved "https://npm.linecorp.com/humanize-ms/-/humanize-ms-1.2.1.tgz#c46e3159a293f6b896da29316d8b6fe8bb79bbed"
  integrity sha512-Fl70vYtsAFb/C06PTS9dZBo7ihau+Tu/DNCk/OyHhea07S+aeMWpFFkUaXRa8fI+ScZbEI8dfSxwY7gxZ9SAVQ==
  dependencies:
    ms "^2.0.0"

iceberg-js@^0.8.1:
  version "0.8.1"
  resolved "https://npm.linecorp.com/iceberg-js/-/iceberg-js-0.8.1.tgz#47d893468293a010385e1c70123f29d0fc1d9912"
  integrity sha512-1dhVQZXhcHje7798IVM+xoo/1ZdVfzOMIc8/rgVSijRK38EDqOJoGula9N/8ZI5RD8QTxNQtK/Gozpr+qUqRRA==

"js-tokens@^3.0.0 || ^4.0.0":
  version "4.0.0"
  resolved "https://npm.linecorp.com/js-tokens/-/js-tokens-4.0.0.tgz#19203fb59991df98e3a287050d4647cdeaf32499"
  integrity sha512-RdJUflcE3cUzKiMqQgsCu06FPu9UdIJO0beYbPhHN4k6apgJtifcoCtT9bcxOpYBtpD2kCM6Sbzg4CausW/PKQ==

loose-envify@^1.1.0:
  version "1.4.0"
  resolved "https://npm.linecorp.com/loose-envify/-/loose-envify-1.4.0.tgz#71ee51fa7be4caec1a63839f7e682d8132d30caf"
  integrity sha512-lyuxPGr/Wfhrlem2CL/UcnUc1zcqKAImBDzukY7Y5F/yQiNdko6+fRLevlw1HgMySw7f611UIY408EtxRSoK3Q==
  dependencies:
    js-tokens "^3.0.0 || ^4.0.0"

math-intrinsics@^1.1.0:
  version "1.1.0"
  resolved "https://npm.linecorp.com/math-intrinsics/-/math-intrinsics-1.1.0.tgz#a0dd74be81e2aa5c2f27e65ce283605ee4e2b7f9"
  integrity sha512-/IXtbwEk5HTPyEwyKX6hGkYXxM9nbj64B+ilVJnC/R6B0pH5G4V3b0pVbL7DBj4tkhBAppbQUlf6F6Xl9LHu1g==

mem0ai@^2.2.3:
  version "2.2.3"
  resolved "https://npm.linecorp.com/mem0ai/-/mem0ai-2.2.3.tgz#1fb8db19bd632f2dc5fc41e1fd1d62ed9504da31"
  integrity sha512-He3XEzg8YGHl8xr+JbDAQ1KrXqwHUbx7NVW893H7KlgAwbTAcsNuEq1KiudplE2bUWgcYjRLOlEhUKPpoHsUPA==
  dependencies:
    axios "1.7.7"
    openai "^4.93.0"
    uuid "9.0.1"
    zod "^3.24.1"

mime-db@1.52.0:
  version "1.52.0"
  resolved "https://npm.linecorp.com/mime-db/-/mime-db-1.52.0.tgz#bbabcdc02859f4987301c856e3387ce5ec43bf70"
  integrity sha512-sPU4uV7dYlvtWJxwwxHD0PuihVNiE7TyAbQ5SWxDCB9mUYvOgroQOwYQQOKPJ8CIbE+1ETVlOoK1UC2nU3gYvg==

mime-types@^2.1.12:
  version "2.1.35"
  resolved "https://npm.linecorp.com/mime-types/-/mime-types-2.1.35.tgz#381a871b62a734450660ae3deee44813f70d959a"
  integrity sha512-ZDY+bPm5zTTF+YpCrAU9nK0UgICYPT0QtT1NZWFv4s++TNkcgVaT0g6+4R2uI4MjQjzysHB1zxuWL50hzaeXiw==
  dependencies:
    mime-db "1.52.0"

ms@^2.0.0:
  version "2.1.3"
  resolved "https://npm.linecorp.com/ms/-/ms-2.1.3.tgz#574c8138ce1d2b5861f0b44579dbadd60c6615b2"
  integrity sha512-6FlzubTLZG3J2a/NVCAleEhjzq5oxgHyaCU9yYXvcLsvoVaHJq/s5xXI6/XXP6tz7R9xAOtHnSO/tXtF3WRTlA==

nanoid@^3.3.6:
  version "3.3.11"
  resolved "https://npm.linecorp.com/nanoid/-/nanoid-3.3.11.tgz#4f4f112cefbe303202f2199838128936266d185b"
  integrity sha512-N8SpfPUnUp1bK+PMYW8qSWdl9U+wwNWI4QKxOYDy9JAro3WMX7p2OeVRF9v+347pnakNevPmiHhNmZ2HbFA76w==

next@^14.2.35:
  version "14.2.35"
  resolved "https://npm.linecorp.com/next/-/next-14.2.35.tgz#7c68873a15fe5a19401f2f993fea535be3366ee9"
  integrity sha512-KhYd2Hjt/O1/1aZVX3dCwGXM1QmOV4eNM2UTacK5gipDdPN/oHHK/4oVGy7X8GMfPMsUTUEmGlsy0EY1YGAkig==
  dependencies:
    "@next/env" "14.2.35"
    "@swc/helpers" "0.5.5"
    busboy "1.6.0"
    caniuse-lite "^1.0.30001579"
    graceful-fs "^4.2.11"
    postcss "8.4.31"
    styled-jsx "5.1.1"
  optionalDependencies:
    "@next/swc-darwin-arm64" "14.2.33"
    "@next/swc-darwin-x64" "14.2.33"
    "@next/swc-linux-arm64-gnu" "14.2.33"
    "@next/swc-linux-arm64-musl" "14.2.33"
    "@next/swc-linux-x64-gnu" "14.2.33"
    "@next/swc-linux-x64-musl" "14.2.33"
    "@next/swc-win32-arm64-msvc" "14.2.33"
    "@next/swc-win32-ia32-msvc" "14.2.33"
    "@next/swc-win32-x64-msvc" "14.2.33"

node-domexception@1.0.0:
  version "1.0.0"
  resolved "https://npm.linecorp.com/node-domexception/-/node-domexception-1.0.0.tgz#6888db46a1f71c0b76b3f7555016b63fe64766e5"
  integrity sha512-/jKZoMpw0F8GRwl4/eLROPA3cfcXtLApP0QzLmUT/HuPCZWyB7IY9ZrMeKw2O/nFIqPQB3PVM9aYm0F312AXDQ==

node-fetch@^2.6.7:
  version "2.7.0"
  resolved "https://npm.linecorp.com/node-fetch/-/node-fetch-2.7.0.tgz#d0f0fa6e3e2dc1d27efcd8ad99d550bda94d187d"
  integrity sha512-c4FRfUm/dbcWZ7U+1Wq0AwCyFL+3nt2bEw05wfxSz+DWpWsitgmSgYmy2dQdWyKC1694ELPqMs/YzUSNozLt8A==
  dependencies:
    whatwg-url "^5.0.0"

openai@^4.93.0:
  version "4.104.0"
  resolved "https://npm.linecorp.com/openai/-/openai-4.104.0.tgz#c489765dc051b95019845dab64b0e5207cae4d30"
  integrity sha512-p99EFNsA/yX6UhVO93f5kJsDRLAg+CTA2RBqdHK4RtK8u5IJw32Hyb2dTGKbnnFmnuoBv5r7Z2CURI9sGZpSuA==
  dependencies:
    "@types/node" "^18.11.18"
    "@types/node-fetch" "^2.6.4"
    abort-controller "^3.0.0"
    agentkeepalive "^4.2.1"
    form-data-encoder "1.7.2"
    formdata-node "^4.3.2"
    node-fetch "^2.6.7"

picocolors@^1.0.0:
  version "1.1.1"
  resolved "https://npm.linecorp.com/picocolors/-/picocolors-1.1.1.tgz#3d321af3eab939b083c8f929a1d12cda81c26b6b"
  integrity sha512-xceH2snhtb5M9liqDsmEw56le376mTZkEX/jEb/RxNFyegNul7eNslCXP9FDj/Lcu0X8KEyMceP2ntpaHrDEVA==

postcss@8.4.31:
  version "8.4.31"
  resolved "https://npm.linecorp.com/postcss/-/postcss-8.4.31.tgz#92b451050a9f914da6755af352bdc0192508656d"
  integrity sha512-PS08Iboia9mts/2ygV3eLpY5ghnUcfLV/EXTOW1E2qYxJKGGBUtNjN76FYHnMs36RmARn41bC0AZmn+rR0OVpQ==
  dependencies:
    nanoid "^3.3.6"
    picocolors "^1.0.0"
    source-map-js "^1.0.2"

proxy-from-env@^1.1.0:
  version "1.1.0"
  resolved "https://npm.linecorp.com/proxy-from-env/-/proxy-from-env-1.1.0.tgz#e102f16ca355424865755d2c9e8ea4f24d58c3e2"
  integrity sha512-D+zkORCbA9f1tdWRK0RaCR3GPv50cMxcrz4X8k5LTSUD1Dkw47mKJEZQNunItRTkWwgtaUSo1RVFRIG9ZXiFYg==

react-dom@^18.3.1:
  version "18.3.1"
  resolved "https://npm.linecorp.com/react-dom/-/react-dom-18.3.1.tgz#c2265d79511b57d479b3dd3fdfa51536494c5cb4"
  integrity sha512-5m4nQKp+rZRb09LNH59GM4BxTh9251/ylbKIbpe7TpGxfJ+9kv6BLkLBXIjjspbgbnIBNqlI23tRnTWT0snUIw==
  dependencies:
    loose-envify "^1.1.0"
    scheduler "^0.23.2"

react@^18.3.1:
  version "18.3.1"
  resolved "https://npm.linecorp.com/react/-/react-18.3.1.tgz#49ab892009c53933625bd16b2533fc754cab2891"
  integrity sha512-wS+hAgJShR0KhEvPJArfuPVN1+Hz1t0Y6n5jLrGQbkb4urgPE/0Rve+1kMB1v/oWgHgm4WIcV+i7F2pTVj+2iQ==
  dependencies:
    loose-envify "^1.1.0"

scheduler@^0.23.2:
  version "0.23.2"
  resolved "https://npm.linecorp.com/scheduler/-/scheduler-0.23.2.tgz#414ba64a3b282892e944cf2108ecc078d115cdc3"
  integrity sha512-UOShsPwz7NrMUqhR6t0hWjFduvOzbtv7toDH1/hIrfRNIDBnnBWd0CwJTGvTpngVlmwGCdP9/Zl/tVrDqcuYzQ==
  dependencies:
    loose-envify "^1.1.0"

source-map-js@^1.0.2:
  version "1.2.1"
  resolved "https://npm.linecorp.com/source-map-js/-/source-map-js-1.2.1.tgz#1ce5650fddd87abc099eda37dcff024c2667ae46"
  integrity sha512-UXWMKhLOwVKb728IUtQPXxfYU+usdybtUrK/8uGE8CQMvrhOpwvzDBwj0QhSL7MQc7vIsISBG8VQ8+IDQxpfQA==

streamsearch@^1.1.0:
  version "1.1.0"
  resolved "https://npm.linecorp.com/streamsearch/-/streamsearch-1.1.0.tgz#404dd1e2247ca94af554e841a8ef0eaa238da764"
  integrity sha512-Mcc5wHehp9aXz1ax6bZUyY5afg9u2rv5cqQI3mRrYkGC8rW2hM02jWuwjtL++LS5qinSyhj2QfLyNsuc+VsExg==

styled-jsx@5.1.1:
  version "5.1.1"
  resolved "https://npm.linecorp.com/styled-jsx/-/styled-jsx-5.1.1.tgz#839a1c3aaacc4e735fed0781b8619ea5d0009d1f"
  integrity sha512-pW7uC1l4mBZ8ugbiZrcIsiIvVx1UmTfw7UkC3Um2tmfUq9Bhk8IiyEIPl6F8agHgjzku6j0xQEZbfA5uSgSaCw==
  dependencies:
    client-only "0.0.1"

tr46@~0.0.3:
  version "0.0.3"
  resolved "https://npm.linecorp.com/tr46/-/tr46-0.0.3.tgz#8184fd347dac9cdc185992f3a6622e14b9d9ab6a"
  integrity sha512-N3WMsuqV66lT30CrXNbEjx4GEwlow3v6rr4mCcv6prnfwhS01rkgyFdjPNBYd9br7LpXV1+Emh01fHnq2Gdgrw==

tslib@2.8.1, tslib@^2.4.0:
  version "2.8.1"
  resolved "https://npm.linecorp.com/tslib/-/tslib-2.8.1.tgz#612efe4ed235d567e8aba5f2a5fab70280ade83f"
  integrity sha512-oJFu94HQb+KVduSUQL7wnpmqnfmLsOA/nAh6b6EH0wCEoK0/mPeXU6c3wKDV83MkOuHPRHtSXKKU99IBazS/2w==

typescript@^5.9.3:
  version "5.9.3"
  resolved "https://npm.linecorp.com/typescript/-/typescript-5.9.3.tgz#5b4f59e15310ab17a216f5d6cf53ee476ede670f"
  integrity sha512-jl1vZzPDinLr9eUt3J/t7V6FgNEw9QjvBPdysz9KfQDD41fQrC2Y4vKQdiaUpFT4bXlb1RHhLpp8wtm6M5TgSw==

undici-types@~5.26.4:
  version "5.26.5"
  resolved "https://npm.linecorp.com/undici-types/-/undici-types-5.26.5.tgz#bcd539893d00b56e964fd2657a4866b221a65617"
  integrity sha512-JlCMO+ehdEIKqlFxk6IfVoAUVmgz7cU7zD/h9XZ0qzeosSHmUJVOzSQvvYSYWXkFXC+IfLKSIffhv0sVZup6pA==

undici-types@~7.16.0:
  version "7.16.0"
  resolved "https://npm.linecorp.com/undici-types/-/undici-types-7.16.0.tgz#ffccdff36aea4884cbfce9a750a0580224f58a46"
  integrity sha512-Zz+aZWSj8LE6zoxD+xrjh4VfkIG8Ya6LvYkZqtUQGJPZjYl53ypCaUwWqo7eI0x66KBGeRo+mlBEkMSeSZ38Nw==

undici-types@~7.18.0:
  version "7.18.2"
  resolved "https://npm.linecorp.com/undici-types/-/undici-types-7.18.2.tgz#29357a89e7b7ca4aef3bf0fd3fd0cd73884229e9"
  integrity sha512-AsuCzffGHJybSaRrmr5eHr81mwJU3kjw6M+uprWvCXiNeN9SOGwQ3Jn8jb8m3Z6izVgknn1R0FTCEAP2QrLY/w==

uuid@9.0.1:
  version "9.0.1"
  resolved "https://npm.linecorp.com/uuid/-/uuid-9.0.1.tgz#e188d4c8853cc722220392c424cd637f32293f30"
  integrity sha512-b+1eJOlsR9K8HJpow9Ok3fiWOWSIcIzXodvv0rQjVoOVNpWMpxf1wZNpt4y9h10odCNrqnYp1OBzRktckBe3sA==

web-streams-polyfill@4.0.0-beta.3:
  version "4.0.0-beta.3"
  resolved "https://npm.linecorp.com/web-streams-polyfill/-/web-streams-polyfill-4.0.0-beta.3.tgz#2898486b74f5156095e473efe989dcf185047a38"
  integrity sha512-QW95TCTaHmsYfHDybGMwO5IJIM93I/6vTRk+daHTWFPhwh+C8Cg7j7XyKrwrj8Ib6vYXe0ocYNrmzY4xAAN6ug==

webidl-conversions@^3.0.0:
  version "3.0.1"
  resolved "https://npm.linecorp.com/webidl-conversions/-/webidl-conversions-3.0.1.tgz#24534275e2a7bc6be7bc86611cc16ae0a5654871"
  integrity sha512-2JAn3z8AR6rjK8Sm8orRC0h/bcl/DqL7tRPdGZ4I1CjdF+EaMLmYxBHyXuKL849eucPFhvBoxMsflfOb8kxaeQ==

whatwg-url@^5.0.0:
  version "5.0.0"
  resolved "https://npm.linecorp.com/whatwg-url/-/whatwg-url-5.0.0.tgz#966454e8765462e37644d3626f6742ce8b70965d"
  integrity sha512-saE57nupxk6v3HY35+jzBwYa0rKSy0XR8JSxZPwgLr7ys0IBzhGviA1/TUGJLmSVqs8pb9AnvICXEuOHLprYTw==
  dependencies:
    tr46 "~0.0.3"
    webidl-conversions "^3.0.0"

ws@^8.18.2:
  version "8.19.0"
  resolved "https://npm.linecorp.com/ws/-/ws-8.19.0.tgz#ddc2bdfa5b9ad860204f5a72a4863a8895fd8c8b"
  integrity sha512-blAT2mjOEIi0ZzruJfIhb3nps74PRWTCz1IjglWEEpQl5XS/UNama6u2/rjFkDDouqr4L67ry+1aGIALViWjDg==

zod@^3.24.1:
  version "3.25.76"
  resolved "https://npm.linecorp.com/zod/-/zod-3.25.76.tgz#26841c3f6fd22a6a2760e7ccb719179768471e34"
  integrity sha512-gzUt/qt81nXsFGKIFcC3YnfEAx5NkunCfnDlvuBSSFS02bcXu4Lmea0AFIUwbLWxWPx3d9p8S5QoaujKcNQxcQ==
